
Microsoft Visual Studio Solution File, Format Version 12.00
# Visual Studio Version 17
VisualStudioVersion = 17.3.32825.248
MinimumVisualStudioVersion = 10.0.40219.1
Project("{FAE04EC0-301F-11D3-BF4B-00C04F79EFBC}") = "Venice.Application", "Venice.Orders.API\Venice.Application.csproj", "{155724A9-61B8-2673-068D-4EBE094246E7}"
EndProject
Project("{FAE04EC0-301F-11D3-BF4B-00C04F79EFBC}") = "Venice.CrossCutting", "Venice.Orders.CrossCutting\Venice.CrossCutting.csproj", "{68213D32-FAD3-0FD2-A3E3-0EBB482208BB}"
EndProject
Project("{FAE04EC0-301F-11D3-BF4B-00C04F79EFBC}") = "Venice.Data", "Venice.Orders.Data\Venice.Data.csproj", "{CE3A5A50-30F3-969E-6866-BD94F20E4EAA}"
EndProject
Project("{FAE04EC0-301F-11D3-BF4B-00C04F79EFBC}") = "Venice.Domain", "Venice.Orders.Domain\Venice.Domain.csproj", "{F349F07F-9445-12E9-36F4-1B3F092293E3}"
EndProject
Project("{FAE04EC0-301F-11D3-BF4B-00C04F79EFBC}") = "Venice.Service", "Venice.Orders.Service\Venice.Service.csproj", "{E836E5FB-6B98-2FF3-76AF-6275AFFCD702}"
EndProject
Project("{2150E333-8FDC-42A3-9474-1A3956D46DE8}") = "src", "src", "{02EA681E-C7D8-13C7-8484-4AC65E1B71E8}"
EndProject
Project("{2150E333-8FDC-42A3-9474-1A3956D46DE8}") = "tests", "tests", "{BFAFF494-6F6E-4BFC-98CB-0FC9A1F6ECB1}"
EndProject
Global
	GlobalSection(SolutionConfigurationPlatforms) = preSolution
		Debug|Any CPU = Debug|Any CPU
		Release|Any CPU = Release|Any CPU
	EndGlobalSection
	GlobalSection(ProjectConfigurationPlatforms) = postSolution
		{155724A9-61B8-2673-068D-4EBE094246E7}.Debug|Any CPU.ActiveCfg = Debug|Any CPU
		{155724A9-61B8-2673-068D-4EBE094246E7}.Debug|Any CPU.Build.0 = Debug|Any CPU
		{155724A9-61B8-2673-068D-4EBE094246E7}.Release|Any CPU.ActiveCfg = Release|Any CPU
		{155724A9-61B8-2673-068D-4EBE094246E7}.Release|Any CPU.Build.0 = Release|Any CPU
		{68213D32-FAD3-0FD2-A3E3-0EBB482208BB}.Debug|Any CPU.ActiveCfg = Debug|Any CPU
		{68213D32-FAD3-0FD2-A3E3-0EBB482208BB}.Debug|Any CPU.Build.0 = Debug|Any CPU
		{68213D32-FAD3-0FD2-A3E3-0EBB482208BB}.Release|Any CPU.ActiveCfg = Release|Any CPU
		{68213D32-FAD3-0FD2-A3E3-0EBB482208BB}.Release|Any CPU.Build.0 = Release|Any CPU
		{CE3A5A50-30F3-969E-6866-BD94F20E4EAA}.Debug|Any CPU.ActiveCfg = Debug|Any CPU
		{CE3A5A50-30F3-969E-6866-BD94F20E4EAA}.Debug|Any CPU.Build.0 = Debug|Any CPU
		{CE3A5A50-30F3-969E-6866-BD94F20E4EAA}.Release|Any CPU.ActiveCfg = Release|Any CPU
		{CE3A5A50-30F3-969E-6866-BD94F20E4EAA}.Release|Any CPU.Build.0 = Release|Any CPU
		{F349F07F-9445-12E9-36F4-1B3F092293E3}.Debug|Any CPU.ActiveCfg = Debug|Any CPU
		{F349F07F-9445-12E9-36F4-1B3F092293E3}.Debug|Any CPU.Build.0 = Debug|Any CPU
		{F349F07F-9445-12E9-36F4-1B3F092293E3}.Release|Any CPU.ActiveCfg = Release|Any CPU
		{F349F07F-9445-12E9-36F4-1B3F092293E3}.Release|Any CPU.Build.0 = Release|Any CPU
		{E836E5FB-6B98-2FF3-76AF-6275AFFCD702}.Debug|Any CPU.ActiveCfg = Debug|Any CPU
		{E836E5FB-6B98-2FF3-76AF-6275AFFCD702}.Debug|Any CPU.Build.0 = Debug|Any CPU
		{E836E5FB-6B98-2FF3-76AF-6275AFFCD702}.Release|Any CPU.ActiveCfg = Release|Any CPU
		{E836E5FB-6B98-2FF3-76AF-6275AFFCD702}.Release|Any CPU.Build.0 = Release|Any CPU
	EndGlobalSection
	GlobalSection(SolutionProperties) = preSolution
		HideSolutionNode = FALSE
	EndGlobalSection
	GlobalSection(NestedProjects) = preSolution
		{155724A9-61B8-2673-068D-4EBE094246E7} = {02EA681E-C7D8-13C7-8484-4AC65E1B71E8}
		{68213D32-FAD3-0FD2-A3E3-0EBB482208BB} = {02EA681E-C7D8-13C7-8484-4AC65E1B71E8}
		{CE3A5A50-30F3-969E-6866-BD94F20E4EAA} = {02EA681E-C7D8-13C7-8484-4AC65E1B71E8}
		{F349F07F-9445-12E9-36F4-1B3F092293E3} = {02EA681E-C7D8-13C7-8484-4AC65E1B71E8}
		{E836E5FB-6B98-2FF3-76AF-6275AFFCD702} = {02EA681E-C7D8-13C7-8484-4AC65E1B71E8}
	EndGlobalSection
	GlobalSection(ExtensibilityGlobals) = postSolution
		SolutionGuid = {A22BA4B3-5D99-477E-8308-0D35584AC712}
	EndGlobalSection
EndGlobal
